
Microsoft Visual Studio Solution File, Format Version 12.00
# Visual Studio 15
VisualStudioVersion = 15.0.26730.15
MinimumVisualStudioVersion = 10.0.40219.1
Project("{9A19103F-16F7-4668-BE54-9A1E7A4F7556}") = "PersistentMemoryCache.Tests", "PersistentMemoryCache.Tests\PersistentMemoryCache.Tests.csproj", "{4CAD6760-AABF-4585-B7CF-EE54558862BE}"
EndProject
Project("{9A19103F-16F7-4668-BE54-9A1E7A4F7556}") = "PersistentMemoryCache", "PersistentMemoryCache\PersistentMemoryCache.csproj", "{5425D53C-1FD5-4744-9512-5F9B63B7736A}"
EndProject
Global
	GlobalSection(SolutionConfigurationPlatforms) = preSolution
		Debug|Any CPU = Debug|Any CPU
		Release|Any CPU = Release|Any CPU
	EndGlobalSection
	GlobalSection(ProjectConfigurationPlatforms) = postSolution
		{4CAD6760-AABF-4585-B7CF-EE54558862BE}.Debug|Any CPU.ActiveCfg = Debug|Any CPU
		{4CAD6760-AABF-4585-B7CF-EE54558862BE}.Debug|Any CPU.Build.0 = Debug|Any CPU
		{4CAD6760-AABF-4585-B7CF-EE54558862BE}.Release|Any CPU.ActiveCfg = Release|Any CPU
		{4CAD6760-AABF-4585-B7CF-EE54558862BE}.Release|Any CPU.Build.0 = Release|Any CPU
		{5425D53C-1FD5-4744-9512-5F9B63B7736A}.Debug|Any CPU.ActiveCfg = Debug|Any CPU
		{5425D53C-1FD5-4744-9512-5F9B63B7736A}.Debug|Any CPU.Build.0 = Debug|Any CPU
		{5425D53C-1FD5-4744-9512-5F9B63B7736A}.Release|Any CPU.ActiveCfg = Release|Any CPU
		{5425D53C-1FD5-4744-9512-5F9B63B7736A}.Release|Any CPU.Build.0 = Release|Any CPU
	EndGlobalSection
	GlobalSection(SolutionProperties) = preSolution
		HideSolutionNode = FALSE
	EndGlobalSection
	GlobalSection(ExtensibilityGlobals) = postSolution
		SolutionGuid = {FE7B041C-75CA-41A1-A515-9A74891BA6D9}
	EndGlobalSection
EndGlobal
